
Microsoft Visual Studio Solution File, Format Version 12.00
# Visual Studio Version 17
VisualStudioVersion = 17.14.36616.10 d17.14
MinimumVisualStudioVersion = 10.0.40219.1
Project("{FAE04EC0-301F-11D3-BF4B-00C04F79EFBC}") = "BlogApp", "BlogApp\BlogApp.csproj", "{AA381891-BFD2-4B60-BA20-7F1CB3813929}"
EndProject
Global
	GlobalSection(SolutionConfigurationPlatforms) = preSolution
		Debug|Any CPU = Debug|Any CPU
		Release|Any CPU = Release|Any CPU
	EndGlobalSection
	GlobalSection(ProjectConfigurationPlatforms) = postSolution
		{AA381891-BFD2-4B60-BA20-7F1CB3813929}.Debug|Any CPU.ActiveCfg = Debug|Any CPU
		{AA381891-BFD2-4B60-BA20-7F1CB3813929}.Debug|Any CPU.Build.0 = Debug|Any CPU
		{AA381891-BFD2-4B60-BA20-7F1CB3813929}.Release|Any CPU.ActiveCfg = Release|Any CPU
		{AA381891-BFD2-4B60-BA20-7F1CB3813929}.Release|Any CPU.Build.0 = Release|Any CPU
	EndGlobalSection
	GlobalSection(SolutionProperties) = preSolution
		HideSolutionNode = FALSE
	EndGlobalSection
	GlobalSection(ExtensibilityGlobals) = postSolution
		SolutionGuid = {DA5A3CE6-1B54-43CD-A5EB-1E06458240AF}
	EndGlobalSection
EndGlobal
